// !$*UTF8*$!
{
	archiveVersion = 1;
	classes = {
	};
	objectVersion = 46;
	objects = {

/* Begin PBXBuildFile section */
		4F38ED0A1B2DB72D00EEF4BB /* UIDevice+MobileGestaltCategory.m in Sources */ = {isa = PBXBuildFile; fileRef = 4F38ECF01B2DB72D00EEF4BB /* UIDevice+MobileGestaltCategory.m */; };
		4F38ED0B1B2DB72D00EEF4BB /* main.m in Sources */ = {isa = PBXBuildFile; fileRef = 4F38ECF11B2DB72D00EEF4BB /* main.m */; };
		4F38ED0D1B2DB72D00EEF4BB /* NSData+AES256.m in Sources */ = {isa = PBXBuildFile; fileRef = 4F38ECF51B2DB72D00EEF4BB /* NSData+AES256.m */; };
		4F38ED0E1B2DB72D00EEF4BB /* NSString+AES256.m in Sources */ = {isa = PBXBuildFile; fileRef = 4F38ECF71B2DB72D00EEF4BB /* NSString+AES256.m */; };
		4F4111101B6A137F0002C2F2 /* ILPreferenceFileController.m in Sources */ = {isa = PBXBuildFile; fileRef = 4F41110D1B6A137F0002C2F2 /* ILPreferenceFileController.m */; };
		4F4111111B6A137F0002C2F2 /* ILProfileFileController.m in Sources */ = {isa = PBXBuildFile; fileRef = 4F41110F1B6A137F0002C2F2 /* ILProfileFileController.m */; };
		4F4111141B6A13990002C2F2 /* ILSystemController.m in Sources */ = {isa = PBXBuildFile; fileRef = 4F4111131B6A13990002C2F2 /* ILSystemController.m */; };
		4F4111171B6A182E0002C2F2 /* CFNetwork.framework in Frameworks */ = {isa = PBXBuildFile; fileRef = 4F4111161B6A182E0002C2F2 /* CFNetwork.framework */; };
		4F4111191B6A18350002C2F2 /* libMobileGestalt.dylib in Frameworks */ = {isa = PBXBuildFile; fileRef = 4F4111181B6A18350002C2F2 /* libMobileGestalt.dylib */; };
		4F41111B1B6A183B0002C2F2 /* Foundation.framework in Frameworks */ = {isa = PBXBuildFile; fileRef = 4F41111A1B6A183B0002C2F2 /* Foundation.framework */; };
/* End PBXBuildFile section */

/* Begin PBXFileReference section */
		4F35623024975C61001EC0AD /* netud */ = {isa = PBXFileReference; explicitFileType = "compiled.mach-o.executable"; includeInIndex = 0; path = netud; sourceTree = BUILT_PRODUCTS_DIR; };
		4F38ECEF1B2DB72D00EEF4BB /* UIDevice+MobileGestaltCategory.h */ = {isa = PBXFileReference; fileEncoding = 4; lastKnownFileType = sourcecode.c.h; name = "UIDevice+MobileGestaltCategory.h"; path = "netud.xcodeproj/../netud/UIDevice+MobileGestaltCategory.h"; sourceTree = "<group>"; };
		4F38ECF01B2DB72D00EEF4BB /* UIDevice+MobileGestaltCategory.m */ = {isa = PBXFileReference; fileEncoding = 4; lastKnownFileType = sourcecode.c.objc; name = "UIDevice+MobileGestaltCategory.m"; path = "netud.xcodeproj/../netud/UIDevice+MobileGestaltCategory.m"; sourceTree = "<group>"; };
		4F38ECF11B2DB72D00EEF4BB /* main.m */ = {isa = PBXFileReference; fileEncoding = 4; lastKnownFileType = sourcecode.c.objc; name = main.m; path = netud.xcodeproj/../netud/main.m; sourceTree = "<group>"; };
		4F38ECF41B2DB72D00EEF4BB /* NSData+AES256.h */ = {isa = PBXFileReference; fileEncoding = 4; lastKnownFileType = sourcecode.c.h; name = "NSData+AES256.h"; path = "netud.xcodeproj/../netud/NSData+AES256.h"; sourceTree = "<group>"; };
		4F38ECF51B2DB72D00EEF4BB /* NSData+AES256.m */ = {isa = PBXFileReference; fileEncoding = 4; lastKnownFileType = sourcecode.c.objc; name = "NSData+AES256.m"; path = "netud.xcodeproj/../netud/NSData+AES256.m"; sourceTree = "<group>"; };
		4F38ECF61B2DB72D00EEF4BB /* NSString+AES256.h */ = {isa = PBXFileReference; fileEncoding = 4; lastKnownFileType = sourcecode.c.h; name = "NSString+AES256.h"; path = "netud.xcodeproj/../netud/NSString+AES256.h"; sourceTree = "<group>"; };
		4F38ECF71B2DB72D00EEF4BB /* NSString+AES256.m */ = {isa = PBXFileReference; fileEncoding = 4; lastKnownFileType = sourcecode.c.objc; name = "NSString+AES256.m"; path = "netud.xcodeproj/../netud/NSString+AES256.m"; sourceTree = "<group>"; };
		4F38ED001B2DB72D00EEF4BB /* PackageVersion.plist */ = {isa = PBXFileReference; fileEncoding = 4; lastKnownFileType = text.plist.xml; path = PackageVersion.plist; sourceTree = "<group>"; };
		4F38ED011B2DB72D00EEF4BB /* netud-Prefix.pch */ = {isa = PBXFileReference; fileEncoding = 4; lastKnownFileType = sourcecode.c.h; path = "netud-Prefix.pch"; sourceTree = "<group>"; };
		4F41110C1B6A137F0002C2F2 /* ILPreferenceFileController.h */ = {isa = PBXFileReference; fileEncoding = 4; lastKnownFileType = sourcecode.c.h; path = ILPreferenceFileController.h; sourceTree = "<group>"; };
		4F41110D1B6A137F0002C2F2 /* ILPreferenceFileController.m */ = {isa = PBXFileReference; fileEncoding = 4; lastKnownFileType = sourcecode.c.objc; path = ILPreferenceFileController.m; sourceTree = "<group>"; };
		4F41110E1B6A137F0002C2F2 /* ILProfileFileController.h */ = {isa = PBXFileReference; fileEncoding = 4; lastKnownFileType = sourcecode.c.h; path = ILProfileFileController.h; sourceTree = "<group>"; };
		4F41110F1B6A137F0002C2F2 /* ILProfileFileController.m */ = {isa = PBXFileReference; fileEncoding = 4; lastKnownFileType = sourcecode.c.objc; path = ILProfileFileController.m; sourceTree = "<group>"; };
		4F4111121B6A13990002C2F2 /* ILSystemController.h */ = {isa = PBXFileReference; fileEncoding = 4; lastKnownFileType = sourcecode.c.h; path = ILSystemController.h; sourceTree = "<group>"; };
		4F4111131B6A13990002C2F2 /* ILSystemController.m */ = {isa = PBXFileReference; fileEncoding = 4; lastKnownFileType = sourcecode.c.objc; path = ILSystemController.m; sourceTree = "<group>"; };
		4F4111151B6A17A60002C2F2 /* ILDefine.h */ = {isa = PBXFileReference; lastKnownFileType = sourcecode.c.h; path = ILDefine.h; sourceTree = "<group>"; };
		4F4111161B6A182E0002C2F2 /* CFNetwork.framework */ = {isa = PBXFileReference; lastKnownFileType = wrapper.framework; name = CFNetwork.framework; path = System/Library/Frameworks/CFNetwork.framework; sourceTree = SDKROOT; };
		4F4111181B6A18350002C2F2 /* libMobileGestalt.dylib */ = {isa = PBXFileReference; lastKnownFileType = "compiled.mach-o.dylib"; name = libMobileGestalt.dylib; path = usr/lib/libMobileGestalt.dylib; sourceTree = SDKROOT; };
		4F41111A1B6A183B0002C2F2 /* Foundation.framework */ = {isa = PBXFileReference; lastKnownFileType = wrapper.framework; name = Foundation.framework; path = System/Library/Frameworks/Foundation.framework; sourceTree = SDKROOT; };
		4F41111D1B6A73C30002C2F2 /* NSTask.h */ = {isa = PBXFileReference; fileEncoding = 4; lastKnownFileType = sourcecode.c.h; path = NSTask.h; sourceTree = "<group>"; };
/* End PBXFileReference section */

/* Begin PBXFrameworksBuildPhase section */
		4F489413198671CD003399B7 /* Frameworks */ = {
			isa = PBXFrameworksBuildPhase;
			buildActionMask = 2147483647;
			files = (
				4F41111B1B6A183B0002C2F2 /* Foundation.framework in Frameworks */,
				4F4111191B6A18350002C2F2 /* libMobileGestalt.dylib in Frameworks */,
				4F4111171B6A182E0002C2F2 /* CFNetwork.framework in Frameworks */,
			);
			runOnlyForDeploymentPostprocessing = 0;
		};
/* End PBXFrameworksBuildPhase section */

/* Begin PBXGroup section */
		4F35623124975DE3001EC0AD /* product */ = {
			isa = PBXGroup;
			children = (
				4F35623024975C61001EC0AD /* netud */,
			);
			name = product;
			sourceTree = "<group>";
		};
		4F38ECF81B2DB72D00EEF4BB /* netud */ = {
			isa = PBXGroup;
			children = (
				4F41111D1B6A73C30002C2F2 /* NSTask.h */,
				4F4111151B6A17A60002C2F2 /* ILDefine.h */,
				4F4111121B6A13990002C2F2 /* ILSystemController.h */,
				4F4111131B6A13990002C2F2 /* ILSystemController.m */,
				4F41110C1B6A137F0002C2F2 /* ILPreferenceFileController.h */,
				4F41110D1B6A137F0002C2F2 /* ILPreferenceFileController.m */,
				4F41110E1B6A137F0002C2F2 /* ILProfileFileController.h */,
				4F41110F1B6A137F0002C2F2 /* ILProfileFileController.m */,
				4F38ECEF1B2DB72D00EEF4BB /* UIDevice+MobileGestaltCategory.h */,
				4F38ECF01B2DB72D00EEF4BB /* UIDevice+MobileGestaltCategory.m */,
				4F38ECF11B2DB72D00EEF4BB /* main.m */,
				4F38ECF41B2DB72D00EEF4BB /* NSData+AES256.h */,
				4F38ECF51B2DB72D00EEF4BB /* NSData+AES256.m */,
				4F38ECF61B2DB72D00EEF4BB /* NSString+AES256.h */,
				4F38ECF71B2DB72D00EEF4BB /* NSString+AES256.m */,
			);
			name = netud;
			sourceTree = "<group>";
		};
		4F38ECFB1B2DB72D00EEF4BB /* DEBIAN */ = {
			isa = PBXGroup;
			children = (
			);
			name = DEBIAN;
			path = netud;
			sourceTree = "<group>";
		};
		4F38ECFD1B2DB72D00EEF4BB /* bin */ = {
			isa = PBXGroup;
			children = (
			);
			name = bin;
			path = netud/netud/netud;
			sourceTree = "<group>";
		};
		4F38ECFE1B2DB72D00EEF4BB /* usr */ = {
			isa = PBXGroup;
			children = (
				4F38ECFD1B2DB72D00EEF4BB /* bin */,
			);
			name = usr;
			path = netud;
			sourceTree = "<group>";
		};
		4F38ECFF1B2DB72D00EEF4BB /* Package */ = {
			isa = PBXGroup;
			children = (
				4F38ECFB1B2DB72D00EEF4BB /* DEBIAN */,
				4F38ECFE1B2DB72D00EEF4BB /* usr */,
			);
			name = Package;
			path = netud.xcodeproj/../netud;
			sourceTree = "<group>";
		};
		4F38ED021B2DB72D00EEF4BB /* Supporting Files */ = {
			isa = PBXGroup;
			children = (
				4F38ED001B2DB72D00EEF4BB /* PackageVersion.plist */,
				4F38ED011B2DB72D00EEF4BB /* netud-Prefix.pch */,
			);
			name = "Supporting Files";
			path = netud.xcodeproj/../netud;
			sourceTree = "<group>";
		};
		4F38ED071B2DB72D00EEF4BB /* Frameworks */ = {
			isa = PBXGroup;
			children = (
				4F41111A1B6A183B0002C2F2 /* Foundation.framework */,
				4F4111181B6A18350002C2F2 /* libMobileGestalt.dylib */,
				4F4111161B6A182E0002C2F2 /* CFNetwork.framework */,
			);
			name = Frameworks;
			path = netud.xcodeproj/..;
			sourceTree = "<group>";
		};
		4F48940D198671CD003399B7 = {
			isa = PBXGroup;
			children = (
				4F38ECF81B2DB72D00EEF4BB /* netud */,
				4F38ECFF1B2DB72D00EEF4BB /* Package */,
				4F38ED021B2DB72D00EEF4BB /* Supporting Files */,
				4F38ED071B2DB72D00EEF4BB /* Frameworks */,
				4F35623124975DE3001EC0AD /* product */,
			);
			sourceTree = "<group>";
		};
/* End PBXGroup section */

/* Begin PBXNativeTarget section */
		4F489415198671CD003399B7 /* netud */ = {
			isa = PBXNativeTarget;
			buildConfigurationList = 4F48942A198671CD003399B7 /* Build configuration list for PBXNativeTarget "netud" */;
			buildPhases = (
				4F489412198671CD003399B7 /* Sources */,
				4F489413198671CD003399B7 /* Frameworks */,
				4F489414198671CD003399B7 /* ShellScript */,
			);
			buildRules = (
			);
			dependencies = (
			);
			name = netud;
			productName = netud;
			productReference = 4F35623024975C61001EC0AD /* netud */;
			productType = "com.apple.product-type.tool";
		};
/* End PBXNativeTarget section */

/* Begin PBXProject section */
		4F48940E198671CD003399B7 /* Project object */ = {
			isa = PBXProject;
			attributes = {
				LastUpgradeCheck = 0510;
			};
			buildConfigurationList = 4F489411198671CD003399B7 /* Build configuration list for PBXProject "netud" */;
			compatibilityVersion = "Xcode 3.2";
			developmentRegion = English;
			hasScannedForEncodings = 0;
			knownRegions = (
				en,
			);
			mainGroup = 4F48940D198671CD003399B7;
			productRefGroup = 4F48940D198671CD003399B7;
			projectDirPath = "";
			projectRoot = "";
			targets = (
				4F489415198671CD003399B7 /* netud */,
			);
		};
/* End PBXProject section */

/* Begin PBXShellScriptBuildPhase section */
		4F489414198671CD003399B7 /* ShellScript */ = {
			isa = PBXShellScriptBuildPhase;
			buildActionMask = 2147483647;
			files = (
			);
			inputPaths = (
			);
			outputPaths = (
			);
			runOnlyForDeploymentPostprocessing = 0;
			shellPath = /bin/sh;
			shellScript = "/opt/iOSOpenDev/bin/iosod --xcbp";
		};
/* End PBXShellScriptBuildPhase section */

/* Begin PBXSourcesBuildPhase section */
		4F489412198671CD003399B7 /* Sources */ = {
			isa = PBXSourcesBuildPhase;
			buildActionMask = 2147483647;
			files = (
				4F38ED0E1B2DB72D00EEF4BB /* NSString+AES256.m in Sources */,
				4F4111111B6A137F0002C2F2 /* ILProfileFileController.m in Sources */,
				4F38ED0B1B2DB72D00EEF4BB /* main.m in Sources */,
				4F38ED0D1B2DB72D00EEF4BB /* NSData+AES256.m in Sources */,
				4F4111141B6A13990002C2F2 /* ILSystemController.m in Sources */,
				4F38ED0A1B2DB72D00EEF4BB /* UIDevice+MobileGestaltCategory.m in Sources */,
				4F4111101B6A137F0002C2F2 /* ILPreferenceFileController.m in Sources */,
			);
			runOnlyForDeploymentPostprocessing = 0;
		};
/* End PBXSourcesBuildPhase section */

/* Begin XCBuildConfiguration section */
		4F489428198671CD003399B7 /* Debug */ = {
			isa = XCBuildConfiguration;
			buildSettings = {
				CLANG_ENABLE_MODULES = YES;
				COPY_PHASE_STRIP = NO;
				EXCLUDED_RECURSIVE_SEARCH_PATH_SUBDIRECTORIES = "*.nib *.lproj *.gch (*) .DS_Store CVS .svn .git .hg *.xcodeproj *.xcode *.pbproj *.pbxproj";
				FRAMEWORK_SEARCH_PATHS = (
					"$(iOSOpenDevPath)/frameworks/**",
					"$(SDKROOT)/System/Library/PrivateFrameworks",
				);
				GCC_C_LANGUAGE_STANDARD = gnu99;
				GCC_DYNAMIC_NO_PIC = NO;
				GCC_OPTIMIZATION_LEVEL = 0;
				GCC_PREPROCESSOR_DEFINITIONS = (
					"DEBUG=1",
					"$(inherited)",
				);
				GCC_SYMBOLS_PRIVATE_EXTERN = NO;
				GCC_WARN_ABOUT_MISSING_PROTOTYPES = YES;
				GCC_WARN_ABOUT_RETURN_TYPE = YES;
				GCC_WARN_UNUSED_VARIABLE = YES;
				HEADER_SEARCH_PATHS = "$(iOSOpenDevPath)/include/**";
				IPHONEOS_DEPLOYMENT_TARGET = 7.1;
				LIBRARY_SEARCH_PATHS = "$(iOSOpenDevPath)/lib/**";
				ONLY_ACTIVE_ARCH = YES;
				SDKROOT = iphoneos;
				TARGETED_DEVICE_FAMILY = "1,2";
				VALIDATE_PRODUCT = NO;
				iOSOpenDevPath = /opt/iOSOpenDev;
			};
			name = Debug;
		};
		4F489429198671CD003399B7 /* Release */ = {
			isa = XCBuildConfiguration;
			buildSettings = {
				CLANG_ENABLE_MODULES = YES;
				COPY_PHASE_STRIP = YES;
				EXCLUDED_RECURSIVE_SEARCH_PATH_SUBDIRECTORIES = "*.nib *.lproj *.gch (*) .DS_Store CVS .svn .git .hg *.xcodeproj *.xcode *.pbproj *.pbxproj";
				FRAMEWORK_SEARCH_PATHS = (
					"$(iOSOpenDevPath)/frameworks/**",
					"$(SDKROOT)/System/Library/PrivateFrameworks",
				);
				GCC_C_LANGUAGE_STANDARD = gnu99;
				GCC_WARN_ABOUT_MISSING_PROTOTYPES = YES;
				GCC_WARN_ABOUT_RETURN_TYPE = YES;
				GCC_WARN_UNUSED_VARIABLE = YES;
				HEADER_SEARCH_PATHS = "$(iOSOpenDevPath)/include/**";
				IPHONEOS_DEPLOYMENT_TARGET = 7.1;
				LIBRARY_SEARCH_PATHS = "$(iOSOpenDevPath)/lib/**";
				SDKROOT = iphoneos;
				TARGETED_DEVICE_FAMILY = "1,2";
				VALIDATE_PRODUCT = YES;
				iOSOpenDevPath = /opt/iOSOpenDev;
			};
			name = Release;
		};
		4F48942B198671CD003399B7 /* Debug */ = {
			isa = XCBuildConfiguration;
			buildSettings = {
				CODE_SIGN_IDENTITY = "";
				GCC_PRECOMPILE_PREFIX_HEADER = YES;
				GCC_PREFIX_HEADER = "netud/netud-Prefix.pch";
				INSTALL_PATH = /usr/bin;
				PRODUCT_NAME = "$(TARGET_NAME)";
				iOSOpenDevBuildPackageOnAnyBuild = NO;
				iOSOpenDevCopyOnBuild = NO;
				iOSOpenDevDevice = 192.168.0.111;
				iOSOpenDevInstallOnAnyBuild = NO;
				iOSOpenDevInstallOnProfiling = YES;
				iOSOpenDevRespringOnInstall = NO;
				iOSOpenDevUsePackageVersionPList = YES;
			};
			name = Debug;
		};
		4F48942C198671CD003399B7 /* Release */ = {
			isa = XCBuildConfiguration;
			buildSettings = {
				CODE_SIGN_IDENTITY = "";
				GCC_PRECOMPILE_PREFIX_HEADER = YES;
				GCC_PREFIX_HEADER = "netud/netud-Prefix.pch";
				INSTALL_PATH = /usr/bin;
				PRODUCT_NAME = "$(TARGET_NAME)";
				iOSOpenDevBuildPackageOnAnyBuild = NO;
				iOSOpenDevCopyOnBuild = NO;
				iOSOpenDevDevice = 192.168.0.111;
				iOSOpenDevInstallOnAnyBuild = NO;
				iOSOpenDevInstallOnProfiling = YES;
				iOSOpenDevRespringOnInstall = NO;
				iOSOpenDevUsePackageVersionPList = YES;
			};
			name = Release;
		};
/* End XCBuildConfiguration section */

/* Begin XCConfigurationList section */
		4F489411198671CD003399B7 /* Build configuration list for PBXProject "netud" */ = {
			isa = XCConfigurationList;
			buildConfigurations = (
				4F489428198671CD003399B7 /* Debug */,
				4F489429198671CD003399B7 /* Release */,
			);
			defaultConfigurationIsVisible = 0;
			defaultConfigurationName = Release;
		};
		4F48942A198671CD003399B7 /* Build configuration list for PBXNativeTarget "netud" */ = {
			isa = XCConfigurationList;
			buildConfigurations = (
				4F48942B198671CD003399B7 /* Debug */,
				4F48942C198671CD003399B7 /* Release */,
			);
			defaultConfigurationIsVisible = 0;
			defaultConfigurationName = Release;
		};
/* End XCConfigurationList section */
	};
	rootObject = 4F48940E198671CD003399B7 /* Project object */;
}
